
Microsoft Visual Studio Solution File, Format Version 11.00
# Visual Studio 2010
Project("{FAE04EC0-301F-11D3-BF4B-00C04F79EFBC}") = "SnifferInBlend", "SnifferInBlend\SnifferInBlend.csproj", "{b7cc37e9-ee30-4aeb-bf3c-d82f20432e33}"
EndProject
Global
	GlobalSection(SolutionConfigurationPlatforms) = preSolution
		Debug|Any CPU = Debug|Any CPU
		Release|Any CPU = Release|Any CPU
	EndGlobalSection
	GlobalSection(ProjectConfigurationPlatforms) = postSolution
		{B7CC37E9-EE30-4AEB-BF3C-D82F20432E33}.Debug|Any CPU.ActiveCfg = Debug|Any CPU
		{B7CC37E9-EE30-4AEB-BF3C-D82F20432E33}.Debug|Any CPU.Build.0 = Debug|Any CPU
		{B7CC37E9-EE30-4AEB-BF3C-D82F20432E33}.Release|Any CPU.ActiveCfg = Release|Any CPU
		{B7CC37E9-EE30-4AEB-BF3C-D82F20432E33}.Release|Any CPU.Build.0 = Release|Any CPU
	EndGlobalSection
EndGlobal
